
Microsoft Visual Studio Solution File, Format Version 12.00
# Visual Studio Version 16
VisualStudioVersion = 16.0.31105.61
MinimumVisualStudioVersion = 10.0.40219.1
Project("{FAE04EC0-301F-11D3-BF4B-00C04F79EFBC}") = "Candidatos", "..\Candidatos\Candidatos\Candidatos.csproj", "{AFBB86D3-0FC8-4B6C-BD4D-F2C0172652A2}"
EndProject
Global
	GlobalSection(SolutionConfigurationPlatforms) = preSolution
		Debug|Any CPU = Debug|Any CPU
		Release|Any CPU = Release|Any CPU
	EndGlobalSection
	GlobalSection(ProjectConfigurationPlatforms) = postSolution
		{AFBB86D3-0FC8-4B6C-BD4D-F2C0172652A2}.Debug|Any CPU.ActiveCfg = Debug|Any CPU
		{AFBB86D3-0FC8-4B6C-BD4D-F2C0172652A2}.Debug|Any CPU.Build.0 = Debug|Any CPU
		{AFBB86D3-0FC8-4B6C-BD4D-F2C0172652A2}.Release|Any CPU.ActiveCfg = Release|Any CPU
		{AFBB86D3-0FC8-4B6C-BD4D-F2C0172652A2}.Release|Any CPU.Build.0 = Release|Any CPU
	EndGlobalSection
	GlobalSection(SolutionProperties) = preSolution
		HideSolutionNode = FALSE
	EndGlobalSection
	GlobalSection(ExtensibilityGlobals) = postSolution
		SolutionGuid = {CACB866E-9628-49C5-8E92-128F28FFB8E3}
	EndGlobalSection
EndGlobal
